{
  "name": "drizzle-vue-box",
  "version": "0.0.1",
  "lockfileVersion": 1,
  "requires": true,
  "dependencies": {
    "openzeppelin-solidity": {
      "version": "2.5.1",
      "resolved": "https://registry.npmjs.org/openzeppelin-solidity/-/openzeppelin-solidity-2.5.1.tgz",
      "integrity": "sha512-oCGtQPLOou4su76IMr4XXJavy9a8OZmAXeUZ8diOdFznlL/mlkIlYr7wajqCzH4S47nlKPS7m0+a2nilCTpVPQ=="
    },
    "sweetalert2": {
      "version": "8.19.0",
      "resolved": "https://registry.npmjs.org/sweetalert2/-/sweetalert2-8.19.0.tgz",
      "integrity": "sha512-nFL++N3bitkEkd487Tv4i5ZxusmnoAAXHjtk7lp603Opxb8wlvVnz3hqa7qiIw6QFL04JC810E6qVQNf8s0vYQ=="
    },
    "vue": {
      "version": "2.0.8",
      "resolved": "https://registry.npmjs.org/vue/-/vue-2.0.8.tgz",
      "integrity": "sha1-u8GR214UQvIIYE+ZTwPkmsCeadI=",
      "dev": true
    },
    "vue-simple-alert": {
      "version": "1.1.1",
      "resolved": "https://registry.npmjs.org/vue-simple-alert/-/vue-simple-alert-1.1.1.tgz",
      "integrity": "sha512-iyQorOyO9Ar+bgvvyshQtkgvXTocR3hu0D1PD6R9mEJ1M3JWvjFg5UoL5rIqmqhkfMg6lzwMW9Bu6iwHUdcqig==",
      "requires": {
        "sweetalert2": "^8.18.6"
      }
    },
    "vue-toasted": {
      "version": "1.1.28",
      "resolved": "https://registry.npmjs.org/vue-toasted/-/vue-toasted-1.1.28.tgz",
      "integrity": "sha512-UUzr5LX51UbbiROSGZ49GOgSzFxaMHK6L00JV8fir/CYNJCpIIvNZ5YmS4Qc8Y2+Z/4VVYRpeQL2UO0G800Raw=="
    }
  }
}
